
Microsoft Visual Studio Solution File, Format Version 12.00
# Visual Studio Version 16
VisualStudioVersion = 16.0.29411.108
MinimumVisualStudioVersion = 10.0.40219.1
Project("{FAE04EC0-301F-11D3-BF4B-00C04F79EFBC}") = "EFcore30Benchmark", "EFcore30Benchmark\EFcore30Benchmark.csproj", "{D21FA4E7-19CB-4E74-8AA4-B9C507F5B3BD}"
EndProject
Project("{FAE04EC0-301F-11D3-BF4B-00C04F79EFBC}") = "EFcore22Benchmark", "EFcore22Benchmark\EFcore22Benchmark.csproj", "{48CCA7FB-AFD7-4CAA-BAD8-5D46F7255311}"
EndProject
Project("{FAE04EC0-301F-11D3-BF4B-00C04F79EFBC}") = "EF6BenchMark", "EF6BenchMark\EF6BenchMark.csproj", "{99654D2F-4C29-41F9-8374-3BF6375D47B9}"
EndProject
Project("{FAE04EC0-301F-11D3-BF4B-00C04F79EFBC}") = "Models_Lib", "Models_Lib\Models_Lib.csproj", "{C4EBDDEE-6849-4549-BB83-147F05CB94D3}"
EndProject
Project("{FAE04EC0-301F-11D3-BF4B-00C04F79EFBC}") = "Benchmark_Lib", "Benchmark_Lib\Benchmark_Lib.csproj", "{CE900DAD-961C-428A-9CA4-ACD8BD1993DD}"
EndProject
Global
	GlobalSection(SolutionConfigurationPlatforms) = preSolution
		Debug|Any CPU = Debug|Any CPU
		Release|Any CPU = Release|Any CPU
	EndGlobalSection
	GlobalSection(ProjectConfigurationPlatforms) = postSolution
		{D21FA4E7-19CB-4E74-8AA4-B9C507F5B3BD}.Debug|Any CPU.ActiveCfg = Debug|Any CPU
		{D21FA4E7-19CB-4E74-8AA4-B9C507F5B3BD}.Debug|Any CPU.Build.0 = Debug|Any CPU
		{D21FA4E7-19CB-4E74-8AA4-B9C507F5B3BD}.Release|Any CPU.ActiveCfg = Release|Any CPU
		{D21FA4E7-19CB-4E74-8AA4-B9C507F5B3BD}.Release|Any CPU.Build.0 = Release|Any CPU
		{48CCA7FB-AFD7-4CAA-BAD8-5D46F7255311}.Debug|Any CPU.ActiveCfg = Debug|Any CPU
		{48CCA7FB-AFD7-4CAA-BAD8-5D46F7255311}.Debug|Any CPU.Build.0 = Debug|Any CPU
		{48CCA7FB-AFD7-4CAA-BAD8-5D46F7255311}.Release|Any CPU.ActiveCfg = Release|Any CPU
		{48CCA7FB-AFD7-4CAA-BAD8-5D46F7255311}.Release|Any CPU.Build.0 = Release|Any CPU
		{99654D2F-4C29-41F9-8374-3BF6375D47B9}.Debug|Any CPU.ActiveCfg = Debug|Any CPU
		{99654D2F-4C29-41F9-8374-3BF6375D47B9}.Debug|Any CPU.Build.0 = Debug|Any CPU
		{99654D2F-4C29-41F9-8374-3BF6375D47B9}.Release|Any CPU.ActiveCfg = Release|Any CPU
		{99654D2F-4C29-41F9-8374-3BF6375D47B9}.Release|Any CPU.Build.0 = Release|Any CPU
		{C4EBDDEE-6849-4549-BB83-147F05CB94D3}.Debug|Any CPU.ActiveCfg = Debug|Any CPU
		{C4EBDDEE-6849-4549-BB83-147F05CB94D3}.Debug|Any CPU.Build.0 = Debug|Any CPU
		{C4EBDDEE-6849-4549-BB83-147F05CB94D3}.Release|Any CPU.ActiveCfg = Release|Any CPU
		{C4EBDDEE-6849-4549-BB83-147F05CB94D3}.Release|Any CPU.Build.0 = Release|Any CPU
		{CE900DAD-961C-428A-9CA4-ACD8BD1993DD}.Debug|Any CPU.ActiveCfg = Debug|Any CPU
		{CE900DAD-961C-428A-9CA4-ACD8BD1993DD}.Debug|Any CPU.Build.0 = Debug|Any CPU
		{CE900DAD-961C-428A-9CA4-ACD8BD1993DD}.Release|Any CPU.ActiveCfg = Release|Any CPU
		{CE900DAD-961C-428A-9CA4-ACD8BD1993DD}.Release|Any CPU.Build.0 = Release|Any CPU
	EndGlobalSection
	GlobalSection(SolutionProperties) = preSolution
		HideSolutionNode = FALSE
	EndGlobalSection
	GlobalSection(ExtensibilityGlobals) = postSolution
		SolutionGuid = {D2CF28D5-A918-4702-B1F3-4E3DEFBF3728}
	EndGlobalSection
EndGlobal
